# THIS IS AN AUTOGENERATED FILE. DO NOT EDIT THIS FILE DIRECTLY.
# yarn lockfile v1


dotenv@^15.0.0:
  version "15.0.0"
  resolved "https://registry.yarnpkg.com/dotenv/-/dotenv-15.0.0.tgz#2a585639429bf2c2c62f387f0fffde9c75aafde0"
  integrity sha512-/l1sXXm79ry34KwwS0y4oVZjB468iw/6u9g1W26dtexKcIJAnVL2pMF+hxQwzZ7LutxOwEgtym9eIxvX33CMKg==

twitter-api-v2@^1.10.0:
  version "1.10.0"
  resolved "https://registry.yarnpkg.com/twitter-api-v2/-/twitter-api-v2-1.10.0.tgz#0773f5b3c194a1cd4fac162c4d8dbef982ee544d"
  integrity sha512-T/0D5XZdSCaNwx1eQJv2CB2GZa198mdinLJws80is/BRwRYWwXJfKMrFmwJmQwob69/myYVqylFfLYp3rYViyg==
